
Microsoft Visual Studio Solution File, Format Version 12.00
# Visual Studio Version 17
VisualStudioVersion = 17.5.33530.505
MinimumVisualStudioVersion = 10.0.40219.1
Project("{FAE04EC0-301F-11D3-BF4B-00C04F79EFBC}") = "uzduotis_36_37", "uzduotis_36_37\uzduotis_36_37.csproj", "{3458D34B-A602-44C7-9B0B-CF96F8172360}"
EndProject
Global
	GlobalSection(SolutionConfigurationPlatforms) = preSolution
		Debug|Any CPU = Debug|Any CPU
		Release|Any CPU = Release|Any CPU
	EndGlobalSection
	GlobalSection(ProjectConfigurationPlatforms) = postSolution
		{3458D34B-A602-44C7-9B0B-CF96F8172360}.Debug|Any CPU.ActiveCfg = Debug|Any CPU
		{3458D34B-A602-44C7-9B0B-CF96F8172360}.Debug|Any CPU.Build.0 = Debug|Any CPU
		{3458D34B-A602-44C7-9B0B-CF96F8172360}.Release|Any CPU.ActiveCfg = Release|Any CPU
		{3458D34B-A602-44C7-9B0B-CF96F8172360}.Release|Any CPU.Build.0 = Release|Any CPU
	EndGlobalSection
	GlobalSection(SolutionProperties) = preSolution
		HideSolutionNode = FALSE
	EndGlobalSection
	GlobalSection(ExtensibilityGlobals) = postSolution
		SolutionGuid = {E0B05100-0719-48CB-9FF9-5B3809EE63F3}
	EndGlobalSection
EndGlobal
