
Microsoft Visual Studio Solution File, Format Version 12.00
# Visual Studio Version 17
VisualStudioVersion = 17.5.33516.290
MinimumVisualStudioVersion = 10.0.40219.1
Project("{FAE04EC0-301F-11D3-BF4B-00C04F79EFBC}") = "uzduotis_6", "uzduotis_6.csproj", "{DC63E4B0-D5EB-4E48-8D4F-4012C8489860}"
EndProject
Global
	GlobalSection(SolutionConfigurationPlatforms) = preSolution
		Debug|Any CPU = Debug|Any CPU
		Release|Any CPU = Release|Any CPU
	EndGlobalSection
	GlobalSection(ProjectConfigurationPlatforms) = postSolution
		{DC63E4B0-D5EB-4E48-8D4F-4012C8489860}.Debug|Any CPU.ActiveCfg = Debug|Any CPU
		{DC63E4B0-D5EB-4E48-8D4F-4012C8489860}.Debug|Any CPU.Build.0 = Debug|Any CPU
		{DC63E4B0-D5EB-4E48-8D4F-4012C8489860}.Release|Any CPU.ActiveCfg = Release|Any CPU
		{DC63E4B0-D5EB-4E48-8D4F-4012C8489860}.Release|Any CPU.Build.0 = Release|Any CPU
	EndGlobalSection
	GlobalSection(SolutionProperties) = preSolution
		HideSolutionNode = FALSE
	EndGlobalSection
	GlobalSection(ExtensibilityGlobals) = postSolution
		SolutionGuid = {A793620C-4A28-4FA6-AE3E-048AE7830BAA}
	EndGlobalSection
EndGlobal
